
Microsoft Visual Studio Solution File, Format Version 12.00
Project("{FAE04EC0-301F-11D3-BF4B-00C04F79EFBC}") = "DTO.ASP", "DTO.ASP\DTO.ASP.csproj", "{94E75F76-8E0F-45D5-9571-B358361C1DA5}"
EndProject
Global
	GlobalSection(SolutionConfigurationPlatforms) = preSolution
		Debug|Any CPU = Debug|Any CPU
		Release|Any CPU = Release|Any CPU
	EndGlobalSection
	GlobalSection(ProjectConfigurationPlatforms) = postSolution
		{94E75F76-8E0F-45D5-9571-B358361C1DA5}.Debug|Any CPU.ActiveCfg = Debug|Any CPU
		{94E75F76-8E0F-45D5-9571-B358361C1DA5}.Debug|Any CPU.Build.0 = Debug|Any CPU
		{94E75F76-8E0F-45D5-9571-B358361C1DA5}.Release|Any CPU.ActiveCfg = Release|Any CPU
		{94E75F76-8E0F-45D5-9571-B358361C1DA5}.Release|Any CPU.Build.0 = Release|Any CPU
	EndGlobalSection
EndGlobal
